// !$*UTF8*$!
{
	archiveVersion = 1;
	classes = {
	};
	objectVersion = 46;
	objects = {

/* Begin PBXBuildFile section */
		1891E79E1F8C6BE500BA1E06 /* AppDelegate.swift in Sources */ = {isa = PBXBuildFile; fileRef = 1891E79D1F8C6BE500BA1E06 /* AppDelegate.swift */; };
		1891E7A01F8C6BE500BA1E06 /* ViewController.swift in Sources */ = {isa = PBXBuildFile; fileRef = 1891E79F1F8C6BE500BA1E06 /* ViewController.swift */; };
		1891E7A31F8C6BE500BA1E06 /* Main.storyboard in Resources */ = {isa = PBXBuildFile; fileRef = 1891E7A11F8C6BE500BA1E06 /* Main.storyboard */; };
		1891E7A51F8C6BE500BA1E06 /* Assets.xcassets in Resources */ = {isa = PBXBuildFile; fileRef = 1891E7A41F8C6BE500BA1E06 /* Assets.xcassets */; };
		1891E7A81F8C6BE500BA1E06 /* LaunchScreen.storyboard in Resources */ = {isa = PBXBuildFile; fileRef = 1891E7A61F8C6BE500BA1E06 /* LaunchScreen.storyboard */; };
		1891E7B51F8C6C3300BA1E06 /* TCPlayer.m in Sources */ = {isa = PBXBuildFile; fileRef = 1891E7B41F8C6C3300BA1E06 /* TCPlayer.m */; };
/* End PBXBuildFile section */

/* Begin PBXFileReference section */
		1891E79A1F8C6BE500BA1E06 /* TCPlayerDemo.app */ = {isa = PBXFileReference; explicitFileType = wrapper.application; includeInIndex = 0; path = TCPlayerDemo.app; sourceTree = BUILT_PRODUCTS_DIR; };
		1891E79D1F8C6BE500BA1E06 /* AppDelegate.swift */ = {isa = PBXFileReference; lastKnownFileType = sourcecode.swift; path = AppDelegate.swift; sourceTree = "<group>"; };
		1891E79F1F8C6BE500BA1E06 /* ViewController.swift */ = {isa = PBXFileReference; lastKnownFileType = sourcecode.swift; path = ViewController.swift; sourceTree = "<group>"; };
		1891E7A21F8C6BE500BA1E06 /* Base */ = {isa = PBXFileReference; lastKnownFileType = file.storyboard; name = Base; path = Base.lproj/Main.storyboard; sourceTree = "<group>"; };
		1891E7A41F8C6BE500BA1E06 /* Assets.xcassets */ = {isa = PBXFileReference; lastKnownFileType = folder.assetcatalog; path = Assets.xcassets; sourceTree = "<group>"; };
		1891E7A71F8C6BE500BA1E06 /* Base */ = {isa = PBXFileReference; lastKnownFileType = file.storyboard; name = Base; path = Base.lproj/LaunchScreen.storyboard; sourceTree = "<group>"; };
		1891E7A91F8C6BE500BA1E06 /* Info.plist */ = {isa = PBXFileReference; lastKnownFileType = text.plist.xml; path = Info.plist; sourceTree = "<group>"; };
		1891E7B31F8C6C3300BA1E06 /* TCPlayer.h */ = {isa = PBXFileReference; fileEncoding = 4; lastKnownFileType = sourcecode.c.h; path = TCPlayer.h; sourceTree = "<group>"; };
		1891E7B41F8C6C3300BA1E06 /* TCPlayer.m */ = {isa = PBXFileReference; fileEncoding = 4; lastKnownFileType = sourcecode.c.objc; path = TCPlayer.m; sourceTree = "<group>"; };
		1891E7B61F8C6C4A00BA1E06 /* TCPlayerDemo-Bridging-Header.h */ = {isa = PBXFileReference; fileEncoding = 4; lastKnownFileType = sourcecode.c.h; path = "TCPlayerDemo-Bridging-Header.h"; sourceTree = "<group>"; };
/* End PBXFileReference section */

/* Begin PBXFrameworksBuildPhase section */
		1891E7971F8C6BE500BA1E06 /* Frameworks */ = {
			isa = PBXFrameworksBuildPhase;
			buildActionMask = 2147483647;
			files = (
			);
			runOnlyForDeploymentPostprocessing = 0;
		};
/* End PBXFrameworksBuildPhase section */

/* Begin PBXGroup section */
		1891E7911F8C6BE500BA1E06 = {
			isa = PBXGroup;
			children = (
				1891E7AF1F8C6BFF00BA1E06 /* TCPlayer */,
				1891E79C1F8C6BE500BA1E06 /* TCPlayerDemo */,
				1891E79B1F8C6BE500BA1E06 /* Products */,
			);
			sourceTree = "<group>";
		};
		1891E79B1F8C6BE500BA1E06 /* Products */ = {
			isa = PBXGroup;
			children = (
				1891E79A1F8C6BE500BA1E06 /* TCPlayerDemo.app */,
			);
			name = Products;
			sourceTree = "<group>";
		};
		1891E79C1F8C6BE500BA1E06 /* TCPlayerDemo */ = {
			isa = PBXGroup;
			children = (
				1891E7B61F8C6C4A00BA1E06 /* TCPlayerDemo-Bridging-Header.h */,
				1891E79D1F8C6BE500BA1E06 /* AppDelegate.swift */,
				1891E79F1F8C6BE500BA1E06 /* ViewController.swift */,
				1891E7A11F8C6BE500BA1E06 /* Main.storyboard */,
				1891E7A41F8C6BE500BA1E06 /* Assets.xcassets */,
				1891E7A61F8C6BE500BA1E06 /* LaunchScreen.storyboard */,
				1891E7A91F8C6BE500BA1E06 /* Info.plist */,
			);
			path = TCPlayerDemo;
			sourceTree = "<group>";
		};
		1891E7AF1F8C6BFF00BA1E06 /* TCPlayer */ = {
			isa = PBXGroup;
			children = (
				1891E7B31F8C6C3300BA1E06 /* TCPlayer.h */,
				1891E7B41F8C6C3300BA1E06 /* TCPlayer.m */,
			);
			name = TCPlayer;
			path = ../TCPlayer;
			sourceTree = "<group>";
		};
/* End PBXGroup section */

/* Begin PBXNativeTarget section */
		1891E7991F8C6BE500BA1E06 /* TCPlayerDemo */ = {
			isa = PBXNativeTarget;
			buildConfigurationList = 1891E7AC1F8C6BE500BA1E06 /* Build configuration list for PBXNativeTarget "TCPlayerDemo" */;
			buildPhases = (
				1891E7961F8C6BE500BA1E06 /* Sources */,
				1891E7971F8C6BE500BA1E06 /* Frameworks */,
				1891E7981F8C6BE500BA1E06 /* Resources */,
			);
			buildRules = (
			);
			dependencies = (
			);
			name = TCPlayerDemo;
			productName = TCPlayerDemo;
			productReference = 1891E79A1F8C6BE500BA1E06 /* TCPlayerDemo.app */;
			productType = "com.apple.product-type.application";
		};
/* End PBXNativeTarget section */

/* Begin PBXProject section */
		1891E7921F8C6BE500BA1E06 /* Project object */ = {
			isa = PBXProject;
			attributes = {
				LastSwiftUpdateCheck = 0830;
				LastUpgradeCheck = 0830;
				ORGANIZATIONNAME = ctc;
				TargetAttributes = {
					1891E7991F8C6BE500BA1E06 = {
						CreatedOnToolsVersion = 8.3.3;
						DevelopmentTeam = CSB4G2D8VB;
						LastSwiftMigration = 0830;
						ProvisioningStyle = Automatic;
					};
				};
			};
			buildConfigurationList = 1891E7951F8C6BE500BA1E06 /* Build configuration list for PBXProject "TCPlayerDemo" */;
			compatibilityVersion = "Xcode 3.2";
			developmentRegion = English;
			hasScannedForEncodings = 0;
			knownRegions = (
				en,
				Base,
			);
			mainGroup = 1891E7911F8C6BE500BA1E06;
			productRefGroup = 1891E79B1F8C6BE500BA1E06 /* Products */;
			projectDirPath = "";
			projectRoot = "";
			targets = (
				1891E7991F8C6BE500BA1E06 /* TCPlayerDemo */,
			);
		};
/* End PBXProject section */

/* Begin PBXResourcesBuildPhase section */
		1891E7981F8C6BE500BA1E06 /* Resources */ = {
			isa = PBXResourcesBuildPhase;
			buildActionMask = 2147483647;
			files = (
				1891E7A81F8C6BE500BA1E06 /* LaunchScreen.storyboard in Resources */,
				1891E7A51F8C6BE500BA1E06 /* Assets.xcassets in Resources */,
				1891E7A31F8C6BE500BA1E06 /* Main.storyboard in Resources */,
			);
			runOnlyForDeploymentPostprocessing = 0;
		};
/* End PBXResourcesBuildPhase section */

/* Begin PBXSourcesBuildPhase section */
		1891E7961F8C6BE500BA1E06 /* Sources */ = {
			isa = PBXSourcesBuildPhase;
			buildActionMask = 2147483647;
			files = (
				1891E7A01F8C6BE500BA1E06 /* ViewController.swift in Sources */,
				1891E7B51F8C6C3300BA1E06 /* TCPlayer.m in Sources */,
				1891E79E1F8C6BE500BA1E06 /* AppDelegate.swift in Sources */,
			);
			runOnlyForDeploymentPostprocessing = 0;
		};
/* End PBXSourcesBuildPhase section */

/* Begin PBXVariantGroup section */
		1891E7A11F8C6BE500BA1E06 /* Main.storyboard */ = {
			isa = PBXVariantGroup;
			children = (
				1891E7A21F8C6BE500BA1E06 /* Base */,
			);
			name = Main.storyboard;
			sourceTree = "<group>";
		};
		1891E7A61F8C6BE500BA1E06 /* LaunchScreen.storyboard */ = {
			isa = PBXVariantGroup;
			children = (
				1891E7A71F8C6BE500BA1E06 /* Base */,
			);
			name = LaunchScreen.storyboard;
			sourceTree = "<group>";
		};
/* End PBXVariantGroup section */

/* Begin XCBuildConfiguration section */
		1891E7AA1F8C6BE500BA1E06 /* Debug */ = {
			isa = XCBuildConfiguration;
			buildSettings = {
				ALWAYS_SEARCH_USER_PATHS = NO;
				CLANG_ANALYZER_NONNULL = YES;
				CLANG_ANALYZER_NUMBER_OBJECT_CONVERSION = YES_AGGRESSIVE;
				CLANG_CXX_LANGUAGE_STANDARD = "gnu++0x";
				CLANG_CXX_LIBRARY = "libc++";
				CLANG_ENABLE_MODULES = YES;
				CLANG_ENABLE_OBJC_ARC = YES;
				CLANG_WARN_BOOL_CONVERSION = YES;
				CLANG_WARN_CONSTANT_CONVERSION = YES;
				CLANG_WARN_DIRECT_OBJC_ISA_USAGE = YES_ERROR;
				CLANG_WARN_DOCUMENTATION_COMMENTS = YES;
				CLANG_WARN_EMPTY_BODY = YES;
				CLANG_WARN_ENUM_CONVERSION = YES;
				CLANG_WARN_INFINITE_RECURSION = YES;
				CLANG_WARN_INT_CONVERSION = YES;
				CLANG_WARN_OBJC_ROOT_CLASS = YES_ERROR;
				CLANG_WARN_SUSPICIOUS_MOVE = YES;
				CLANG_WARN_UNREACHABLE_CODE = YES;
				CLANG_WARN__DUPLICATE_METHOD_MATCH = YES;
				"CODE_SIGN_IDENTITY[sdk=iphoneos*]" = "iPhone Developer";
				COPY_PHASE_STRIP = NO;
				DEBUG_INFORMATION_FORMAT = dwarf;
				ENABLE_STRICT_OBJC_MSGSEND = YES;
				ENABLE_TESTABILITY = YES;
				GCC_C_LANGUAGE_STANDARD = gnu99;
				GCC_DYNAMIC_NO_PIC = NO;
				GCC_NO_COMMON_BLOCKS = YES;
				GCC_OPTIMIZATION_LEVEL = 0;
				GCC_PREPROCESSOR_DEFINITIONS = (
					"DEBUG=1",
					"$(inherited)",
				);
				GCC_WARN_64_TO_32_BIT_CONVERSION = YES;
				GCC_WARN_ABOUT_RETURN_TYPE = YES_ERROR;
				GCC_WARN_UNDECLARED_SELECTOR = YES;
				GCC_WARN_UNINITIALIZED_AUTOS = YES_AGGRESSIVE;
				GCC_WARN_UNUSED_FUNCTION = YES;
				GCC_WARN_UNUSED_VARIABLE = YES;
				IPHONEOS_DEPLOYMENT_TARGET = 10.3;
				MTL_ENABLE_DEBUG_INFO = YES;
				ONLY_ACTIVE_ARCH = YES;
				SDKROOT = iphoneos;
				SWIFT_ACTIVE_COMPILATION_CONDITIONS = DEBUG;
				SWIFT_OPTIMIZATION_LEVEL = "-Onone";
			};
			name = Debug;
		};
		1891E7AB1F8C6BE500BA1E06 /* Release */ = {
			isa = XCBuildConfiguration;
			buildSettings = {
				ALWAYS_SEARCH_USER_PATHS = NO;
				CLANG_ANALYZER_NONNULL = YES;
				CLANG_ANALYZER_NUMBER_OBJECT_CONVERSION = YES_AGGRESSIVE;
				CLANG_CXX_LANGUAGE_STANDARD = "gnu++0x";
				CLANG_CXX_LIBRARY = "libc++";
				CLANG_ENABLE_MODULES = YES;
				CLANG_ENABLE_OBJC_ARC = YES;
				CLANG_WARN_BOOL_CONVERSION = YES;
				CLANG_WARN_CONSTANT_CONVERSION = YES;
				CLANG_WARN_DIRECT_OBJC_ISA_USAGE = YES_ERROR;
				CLANG_WARN_DOCUMENTATION_COMMENTS = YES;
				CLANG_WARN_EMPTY_BODY = YES;
				CLANG_WARN_ENUM_CONVERSION = YES;
				CLANG_WARN_INFINITE_RECURSION = YES;
				CLANG_WARN_INT_CONVERSION = YES;
				CLANG_WARN_OBJC_ROOT_CLASS = YES_ERROR;
				CLANG_WARN_SUSPICIOUS_MOVE = YES;
				CLANG_WARN_UNREACHABLE_CODE = YES;
				CLANG_WARN__DUPLICATE_METHOD_MATCH = YES;
				"CODE_SIGN_IDENTITY[sdk=iphoneos*]" = "iPhone Developer";
				COPY_PHASE_STRIP = NO;
				DEBUG_INFORMATION_FORMAT = "dwarf-with-dsym";
				ENABLE_NS_ASSERTIONS = NO;
				ENABLE_STRICT_OBJC_MSGSEND = YES;
				GCC_C_LANGUAGE_STANDARD = gnu99;
				GCC_NO_COMMON_BLOCKS = YES;
				GCC_WARN_64_TO_32_BIT_CONVERSION = YES;
				GCC_WARN_ABOUT_RETURN_TYPE = YES_ERROR;
				GCC_WARN_UNDECLARED_SELECTOR = YES;
				GCC_WARN_UNINITIALIZED_AUTOS = YES_AGGRESSIVE;
				GCC_WARN_UNUSED_FUNCTION = YES;
				GCC_WARN_UNUSED_VARIABLE = YES;
				IPHONEOS_DEPLOYMENT_TARGET = 10.3;
				MTL_ENABLE_DEBUG_INFO = NO;
				SDKROOT = iphoneos;
				SWIFT_OPTIMIZATION_LEVEL = "-Owholemodule";
				VALIDATE_PRODUCT = YES;
			};
			name = Release;
		};
		1891E7AD1F8C6BE500BA1E06 /* Debug */ = {
			isa = XCBuildConfiguration;
			buildSettings = {
				ASSETCATALOG_COMPILER_APPICON_NAME = AppIcon;
				CLANG_ENABLE_MODULES = YES;
				"CODE_SIGN_IDENTITY[sdk=iphoneos*]" = "iPhone Developer";
				DEVELOPMENT_TEAM = CSB4G2D8VB;
				INFOPLIST_FILE = TCPlayerDemo/Info.plist;
				IPHONEOS_DEPLOYMENT_TARGET = 8.0;
				LD_RUNPATH_SEARCH_PATHS = "$(inherited) @executable_path/Frameworks";
				PRODUCT_BUNDLE_IDENTIFIER = com.ctc.TCPlayerDemo;
				PRODUCT_NAME = "$(TARGET_NAME)";
				PROVISIONING_PROFILE_SPECIFIER = "";
				SWIFT_OBJC_BRIDGING_HEADER = "TCPlayerDemo/TCPlayerDemo-Bridging-Header.h";
				SWIFT_OPTIMIZATION_LEVEL = "-Onone";
				SWIFT_VERSION = 3.0;
			};
			name = Debug;
		};
		1891E7AE1F8C6BE500BA1E06 /* Release */ = {
			isa = XCBuildConfiguration;
			buildSettings = {
				ASSETCATALOG_COMPILER_APPICON_NAME = AppIcon;
				CLANG_ENABLE_MODULES = YES;
				"CODE_SIGN_IDENTITY[sdk=iphoneos*]" = "iPhone Developer";
				DEVELOPMENT_TEAM = CSB4G2D8VB;
				INFOPLIST_FILE = TCPlayerDemo/Info.plist;
				IPHONEOS_DEPLOYMENT_TARGET = 8.0;
				LD_RUNPATH_SEARCH_PATHS = "$(inherited) @executable_path/Frameworks";
				PRODUCT_BUNDLE_IDENTIFIER = com.ctc.TCPlayerDemo;
				PRODUCT_NAME = "$(TARGET_NAME)";
				PROVISIONING_PROFILE_SPECIFIER = "";
				SWIFT_OBJC_BRIDGING_HEADER = "TCPlayerDemo/TCPlayerDemo-Bridging-Header.h";
				SWIFT_VERSION = 3.0;
			};
			name = Release;
		};
/* End XCBuildConfiguration section */

/* Begin XCConfigurationList section */
		1891E7951F8C6BE500BA1E06 /* Build configuration list for PBXProject "TCPlayerDemo" */ = {
			isa = XCConfigurationList;
			buildConfigurations = (
				1891E7AA1F8C6BE500BA1E06 /* Debug */,
				1891E7AB1F8C6BE500BA1E06 /* Release */,
			);
			defaultConfigurationIsVisible = 0;
			defaultConfigurationName = Release;
		};
		1891E7AC1F8C6BE500BA1E06 /* Build configuration list for PBXNativeTarget "TCPlayerDemo" */ = {
			isa = XCConfigurationList;
			buildConfigurations = (
				1891E7AD1F8C6BE500BA1E06 /* Debug */,
				1891E7AE1F8C6BE500BA1E06 /* Release */,
			);
			defaultConfigurationIsVisible = 0;
			defaultConfigurationName = Release;
		};
/* End XCConfigurationList section */
	};
	rootObject = 1891E7921F8C6BE500BA1E06 /* Project object */;
}
